
Microsoft Visual Studio Solution File, Format Version 12.00
# Visual Studio Version 17
VisualStudioVersion = 17.9.34714.143
MinimumVisualStudioVersion = 10.0.40219.1
Project("{FAE04EC0-301F-11D3-BF4B-00C04F79EFBC}") = "DiabetesAppV1", "DiabetesAppV1\DiabetesAppV1.csproj", "{0484858E-A2DE-4E41-96AF-B4A0FB8FAD05}"
EndProject
Global
	GlobalSection(SolutionConfigurationPlatforms) = preSolution
		Debug|Any CPU = Debug|Any CPU
		Release|Any CPU = Release|Any CPU
	EndGlobalSection
	GlobalSection(ProjectConfigurationPlatforms) = postSolution
		{0484858E-A2DE-4E41-96AF-B4A0FB8FAD05}.Debug|Any CPU.ActiveCfg = Debug|Any CPU
		{0484858E-A2DE-4E41-96AF-B4A0FB8FAD05}.Debug|Any CPU.Build.0 = Debug|Any CPU
		{0484858E-A2DE-4E41-96AF-B4A0FB8FAD05}.Release|Any CPU.ActiveCfg = Release|Any CPU
		{0484858E-A2DE-4E41-96AF-B4A0FB8FAD05}.Release|Any CPU.Build.0 = Release|Any CPU
	EndGlobalSection
	GlobalSection(SolutionProperties) = preSolution
		HideSolutionNode = FALSE
	EndGlobalSection
	GlobalSection(ExtensibilityGlobals) = postSolution
		SolutionGuid = {22401E5B-D60D-40EB-8BF2-400B43B8E785}
	EndGlobalSection
EndGlobal
